
Microsoft Visual Studio Solution File, Format Version 12.00
# Visual Studio Version 17
VisualStudioVersion = 17.8.34316.72
MinimumVisualStudioVersion = 10.0.40219.1
Project("{8BC9CEB8-8B4A-11D0-8D11-00A0C91BC942}") = "paralelo", "paralelo.vcxproj", "{29EF53E0-2ACB-4324-94B8-B3EC8D0109FA}"
EndProject
Global
	GlobalSection(SolutionConfigurationPlatforms) = preSolution
		Debug|x64 = Debug|x64
		Debug|x86 = Debug|x86
		Release|x64 = Release|x64
		Release|x86 = Release|x86
	EndGlobalSection
	GlobalSection(ProjectConfigurationPlatforms) = postSolution
		{29EF53E0-2ACB-4324-94B8-B3EC8D0109FA}.Debug|x64.ActiveCfg = Debug|x64
		{29EF53E0-2ACB-4324-94B8-B3EC8D0109FA}.Debug|x64.Build.0 = Debug|x64
		{29EF53E0-2ACB-4324-94B8-B3EC8D0109FA}.Debug|x86.ActiveCfg = Debug|Win32
		{29EF53E0-2ACB-4324-94B8-B3EC8D0109FA}.Debug|x86.Build.0 = Debug|Win32
		{29EF53E0-2ACB-4324-94B8-B3EC8D0109FA}.Release|x64.ActiveCfg = Release|x64
		{29EF53E0-2ACB-4324-94B8-B3EC8D0109FA}.Release|x64.Build.0 = Release|x64
		{29EF53E0-2ACB-4324-94B8-B3EC8D0109FA}.Release|x86.ActiveCfg = Release|Win32
		{29EF53E0-2ACB-4324-94B8-B3EC8D0109FA}.Release|x86.Build.0 = Release|Win32
	EndGlobalSection
	GlobalSection(SolutionProperties) = preSolution
		HideSolutionNode = FALSE
	EndGlobalSection
	GlobalSection(ExtensibilityGlobals) = postSolution
		SolutionGuid = {A851BB28-2013-4DC8-9F42-AE8953B07B4A}
	EndGlobalSection
EndGlobal
